
Microsoft Visual Studio Solution File, Format Version 12.00
# Visual Studio Version 17
VisualStudioVersion = 17.2.32630.192
MinimumVisualStudioVersion = 10.0.40219.1
Project("{FAE04EC0-301F-11D3-BF4B-00C04F79EFBC}") = "LeaveManagment.Web", "LeaveManagment.Web\LeaveManagment.Web.csproj", "{5BB764E8-3C8E-4B56-A867-58CF055409DA}"
EndProject
Global
	GlobalSection(SolutionConfigurationPlatforms) = preSolution
		Debug|Any CPU = Debug|Any CPU
		Release|Any CPU = Release|Any CPU
	EndGlobalSection
	GlobalSection(ProjectConfigurationPlatforms) = postSolution
		{5BB764E8-3C8E-4B56-A867-58CF055409DA}.Debug|Any CPU.ActiveCfg = Debug|Any CPU
		{5BB764E8-3C8E-4B56-A867-58CF055409DA}.Debug|Any CPU.Build.0 = Debug|Any CPU
		{5BB764E8-3C8E-4B56-A867-58CF055409DA}.Release|Any CPU.ActiveCfg = Release|Any CPU
		{5BB764E8-3C8E-4B56-A867-58CF055409DA}.Release|Any CPU.Build.0 = Release|Any CPU
	EndGlobalSection
	GlobalSection(SolutionProperties) = preSolution
		HideSolutionNode = FALSE
	EndGlobalSection
	GlobalSection(ExtensibilityGlobals) = postSolution
		SolutionGuid = {6242A982-7F04-414B-B03D-9BD6964D2DD9}
	EndGlobalSection
EndGlobal
